<?xml version="1.0" encoding="utf-8"?>
<Project ToolsVersion="4.0" xmlns="http://schemas.microsoft.com/developer/msbuild/2003">
  <ItemGroup>
    <Filter Include="Plugin">
      <UniqueIdentifier>{708c3510-335e-43d5-8d7c-69a8d7d277b9}</UniqueIdentifier>
    </Filter>
    <Filter Include="ToScript">
      <UniqueIdentifier>{64fc3aec-e58c-4ea7-a1e3-e09fe15c5279}</UniqueIdentifier>
    </Filter>
    <Filter Include="EasyPR">
      <UniqueIdentifier>{4ece6c94-dcdd-4846-90b7-d7cc469bfa56}</UniqueIdentifier>
    </Filter>
    <Filter Include="EasyPR\src">
      <UniqueIdentifier>{3a1ddca7-c710-410e-9146-c6cd0c1a3a08}</UniqueIdentifier>
    </Filter>
    <Filter Include="EasyPR\src\core">
      <UniqueIdentifier>{a9434dac-fa7f-405a-a59f-187f30be3122}</UniqueIdentifier>
    </Filter>
    <Filter Include="EasyPR\src\preprocess">
      <UniqueIdentifier>{3418d14d-3d06-487b-8ab9-e237896a5101}</UniqueIdentifier>
    </Filter>
    <Filter Include="EasyPR\src\train">
      <UniqueIdentifier>{bce88513-0abf-4c2e-9ca8-fd854aa38ff8}</UniqueIdentifier>
    </Filter>
    <Filter Include="EasyPR\src\util">
      <UniqueIdentifier>{037f98a0-2bca-49d5-8759-fd0876e4d81d}</UniqueIdentifier>
    </Filter>
  </ItemGroup>
  <ItemGroup>
    <ClCompile Include="ProjectDll.cpp">
      <Filter>Plugin</Filter>
    </ClCompile>
    <ClCompile Include="ProjectPlugin.cpp">
      <Filter>Plugin</Filter>
    </ClCompile>
    <ClCompile Include="ProjectToLua.cpp">
      <Filter>ToScript</Filter>
    </ClCompile>
    <ClCompile Include="EasyPR\src\core\chars_identify.cpp">
      <Filter>EasyPR\src\core</Filter>
    </ClCompile>
    <ClCompile Include="EasyPR\src\core\chars_recognise.cpp">
      <Filter>EasyPR\src\core</Filter>
    </ClCompile>
    <ClCompile Include="EasyPR\src\core\chars_segment.cpp">
      <Filter>EasyPR\src\core</Filter>
    </ClCompile>
    <ClCompile Include="EasyPR\src\core\core_func.cpp">
      <Filter>EasyPR\src\core</Filter>
    </ClCompile>
    <ClCompile Include="EasyPR\src\core\feature.cpp">
      <Filter>EasyPR\src\core</Filter>
    </ClCompile>
    <ClCompile Include="EasyPR\src\core\params.cpp">
      <Filter>EasyPR\src\core</Filter>
    </ClCompile>
    <ClCompile Include="EasyPR\src\core\plate_detect.cpp">
      <Filter>EasyPR\src\core</Filter>
    </ClCompile>
    <ClCompile Include="EasyPR\src\core\plate_judge.cpp">
      <Filter>EasyPR\src\core</Filter>
    </ClCompile>
    <ClCompile Include="EasyPR\src\core\plate_locate.cpp">
      <Filter>EasyPR\src\core</Filter>
    </ClCompile>
    <ClCompile Include="EasyPR\src\core\plate_recognize.cpp">
      <Filter>EasyPR\src\core</Filter>
    </ClCompile>
    <ClCompile Include="EasyPR\src\util\kv.cpp">
      <Filter>EasyPR\src\util</Filter>
    </ClCompile>
    <ClCompile Include="EasyPR\src\util\program_options.cpp">
      <Filter>EasyPR\src\util</Filter>
    </ClCompile>
    <ClCompile Include="EasyPR\src\util\util.cpp">
      <Filter>EasyPR\src\util</Filter>
    </ClCompile>
    <ClCompile Include="EasyPR\src\train\ann_train.cpp">
      <Filter>EasyPR\src\train</Filter>
    </ClCompile>
    <ClCompile Include="EasyPR\src\train\svm_train.cpp">
      <Filter>EasyPR\src\train</Filter>
    </ClCompile>
    <ClCompile Include="EasyPR\src\train\train.cpp">
      <Filter>EasyPR\src\train</Filter>
    </ClCompile>
    <ClCompile Include="EasyPR\src\preprocess\deface.cpp">
      <Filter>EasyPR\src\preprocess</Filter>
    </ClCompile>
    <ClCompile Include="EasyPR\src\preprocess\gdts.cpp">
      <Filter>EasyPR\src\preprocess</Filter>
    </ClCompile>
    <ClCompile Include="EasyPR\src\preprocess\mc_data.cpp">
      <Filter>EasyPR\src\preprocess</Filter>
    </ClCompile>
  </ItemGroup>
  <ItemGroup>
    <ClInclude Include="ProjectPlugin.hpp">
      <Filter>Plugin</Filter>
    </ClInclude>
    <ClInclude Include="ProjectPre.hpp" />
    <ClInclude Include="ProjectToLua.hpp">
      <Filter>ToScript</Filter>
    </ClInclude>
  </ItemGroup>
</Project>